
Microsoft Visual Studio Solution File, Format Version 12.00
# Visual Studio 2013
VisualStudioVersion = 12.0.21005.1
MinimumVisualStudioVersion = 10.0.40219.1
Project("{FAE04EC0-301F-11D3-BF4B-00C04F79EFBC}") = "Network Scanner", "Network Scanner\Network Scanner.csproj", "{54B6D4AA-7C62-45D8-B435-ED811B853326}"
EndProject
Project("{FAE04EC0-301F-11D3-BF4B-00C04F79EFBC}") = "ConsoleApplication1", "ConsoleApplication1\ConsoleApplication1.csproj", "{6FBE0C70-E621-4041-A653-DF9B2B064739}"
EndProject
Project("{FAE04EC0-301F-11D3-BF4B-00C04F79EFBC}") = "Find Prefix", "ConsoleApplication2\Find Prefix.csproj", "{130FE3A0-E66F-4CEA-ABB4-3599611C38A3}"
EndProject
Global
	GlobalSection(SolutionConfigurationPlatforms) = preSolution
		Debug|Any CPU = Debug|Any CPU
		Release|Any CPU = Release|Any CPU
	EndGlobalSection
	GlobalSection(ProjectConfigurationPlatforms) = postSolution
		{54B6D4AA-7C62-45D8-B435-ED811B853326}.Debug|Any CPU.ActiveCfg = Debug|Any CPU
		{54B6D4AA-7C62-45D8-B435-ED811B853326}.Debug|Any CPU.Build.0 = Debug|Any CPU
		{54B6D4AA-7C62-45D8-B435-ED811B853326}.Release|Any CPU.ActiveCfg = Release|Any CPU
		{54B6D4AA-7C62-45D8-B435-ED811B853326}.Release|Any CPU.Build.0 = Release|Any CPU
		{6FBE0C70-E621-4041-A653-DF9B2B064739}.Debug|Any CPU.ActiveCfg = Debug|Any CPU
		{6FBE0C70-E621-4041-A653-DF9B2B064739}.Debug|Any CPU.Build.0 = Debug|Any CPU
		{6FBE0C70-E621-4041-A653-DF9B2B064739}.Release|Any CPU.ActiveCfg = Release|Any CPU
		{6FBE0C70-E621-4041-A653-DF9B2B064739}.Release|Any CPU.Build.0 = Release|Any CPU
		{130FE3A0-E66F-4CEA-ABB4-3599611C38A3}.Debug|Any CPU.ActiveCfg = Debug|Any CPU
		{130FE3A0-E66F-4CEA-ABB4-3599611C38A3}.Debug|Any CPU.Build.0 = Debug|Any CPU
		{130FE3A0-E66F-4CEA-ABB4-3599611C38A3}.Release|Any CPU.ActiveCfg = Release|Any CPU
		{130FE3A0-E66F-4CEA-ABB4-3599611C38A3}.Release|Any CPU.Build.0 = Release|Any CPU
	EndGlobalSection
	GlobalSection(SolutionProperties) = preSolution
		HideSolutionNode = FALSE
	EndGlobalSection
EndGlobal
